
Microsoft Visual Studio Solution File, Format Version 10.00
# Visual Studio 2008
Project("{FAE04EC0-301F-11D3-BF4B-00C04F79EFBC}") = "DYComServerVS08Sample", "DYComServerVS08Sample.csproj", "{00CA09D6-DB35-4938-911A-80017AA264E6}"
EndProject
Global
	GlobalSection(SolutionConfigurationPlatforms) = preSolution
		Debug|Any CPU = Debug|Any CPU
		Release|Any CPU = Release|Any CPU
	EndGlobalSection
	GlobalSection(ProjectConfigurationPlatforms) = postSolution
		{00CA09D6-DB35-4938-911A-80017AA264E6}.Debug|Any CPU.ActiveCfg = Debug|Any CPU
		{00CA09D6-DB35-4938-911A-80017AA264E6}.Debug|Any CPU.Build.0 = Debug|Any CPU
		{00CA09D6-DB35-4938-911A-80017AA264E6}.Release|Any CPU.ActiveCfg = Release|Any CPU
		{00CA09D6-DB35-4938-911A-80017AA264E6}.Release|Any CPU.Build.0 = Release|Any CPU
	EndGlobalSection
	GlobalSection(MonoDevelopProperties) = preSolution
		StartupItem = DYComServerVS08Sample.csproj
	EndGlobalSection
EndGlobal
